
Microsoft Visual Studio Solution File, Format Version 12.00
# Visual Studio 14
VisualStudioVersion = 14.0.25420.1
MinimumVisualStudioVersion = 10.0.40219.1
Project("{FAE04EC0-301F-11D3-BF4B-00C04F79EFBC}") = "CommandCenter", "CommandCenter\CommandCenter.csproj", "{BF821910-0645-4D28-9DE8-606AE0179CCA}"
EndProject
Project("{FAE04EC0-301F-11D3-BF4B-00C04F79EFBC}") = "Engine", "Engine\Engine.csproj", "{80256419-EEDB-47B5-9BAF-AB32D1321319}"
EndProject
Global
	GlobalSection(SolutionConfigurationPlatforms) = preSolution
		Debug|Any CPU = Debug|Any CPU
		Release|Any CPU = Release|Any CPU
	EndGlobalSection
	GlobalSection(ProjectConfigurationPlatforms) = postSolution
		{BF821910-0645-4D28-9DE8-606AE0179CCA}.Debug|Any CPU.ActiveCfg = Debug|Any CPU
		{BF821910-0645-4D28-9DE8-606AE0179CCA}.Debug|Any CPU.Build.0 = Debug|Any CPU
		{BF821910-0645-4D28-9DE8-606AE0179CCA}.Release|Any CPU.ActiveCfg = Release|Any CPU
		{BF821910-0645-4D28-9DE8-606AE0179CCA}.Release|Any CPU.Build.0 = Release|Any CPU
		{80256419-EEDB-47B5-9BAF-AB32D1321319}.Debug|Any CPU.ActiveCfg = Debug|Any CPU
		{80256419-EEDB-47B5-9BAF-AB32D1321319}.Debug|Any CPU.Build.0 = Debug|Any CPU
		{80256419-EEDB-47B5-9BAF-AB32D1321319}.Release|Any CPU.ActiveCfg = Release|Any CPU
		{80256419-EEDB-47B5-9BAF-AB32D1321319}.Release|Any CPU.Build.0 = Release|Any CPU
	EndGlobalSection
	GlobalSection(SolutionProperties) = preSolution
		HideSolutionNode = FALSE
	EndGlobalSection
EndGlobal
